// !$*UTF8*$!
{
	archiveVersion = 1;
	classes = {
	};
	objectVersion = 56;
	objects = {

/* Begin PBXBuildFile section */
		3712189B27093AB317B27251 /* Pods_RxSwiftTaskList.framework in Frameworks */ = {isa = PBXBuildFile; fileRef = 3D8512E46A7129CE67BB1FAC /* Pods_RxSwiftTaskList.framework */; };
		80CE15B12988CCCF00893A2C /* AppDelegate.swift in Sources */ = {isa = PBXBuildFile; fileRef = 80CE15B02988CCCF00893A2C /* AppDelegate.swift */; };
		80CE15B32988CCCF00893A2C /* SceneDelegate.swift in Sources */ = {isa = PBXBuildFile; fileRef = 80CE15B22988CCCF00893A2C /* SceneDelegate.swift */; };
		80CE15B82988CCCF00893A2C /* Main.storyboard in Resources */ = {isa = PBXBuildFile; fileRef = 80CE15B62988CCCF00893A2C /* Main.storyboard */; };
		80CE15BA2988CCD100893A2C /* Assets.xcassets in Resources */ = {isa = PBXBuildFile; fileRef = 80CE15B92988CCD100893A2C /* Assets.xcassets */; };
		80CE15BD2988CCD100893A2C /* LaunchScreen.storyboard in Resources */ = {isa = PBXBuildFile; fileRef = 80CE15BB2988CCD100893A2C /* LaunchScreen.storyboard */; };
		80CE15C62988CDE600893A2C /* TaskListViewController.swift in Sources */ = {isa = PBXBuildFile; fileRef = 80CE15C52988CDE600893A2C /* TaskListViewController.swift */; };
		80CE15C82988D2AB00893A2C /* AddTaskViewController.swift in Sources */ = {isa = PBXBuildFile; fileRef = 80CE15C72988D2AB00893A2C /* AddTaskViewController.swift */; };
		80CE15CB2988D51700893A2C /* Task.swift in Sources */ = {isa = PBXBuildFile; fileRef = 80CE15CA2988D51700893A2C /* Task.swift */; };
/* End PBXBuildFile section */

/* Begin PBXFileReference section */
		3D8512E46A7129CE67BB1FAC /* Pods_RxSwiftTaskList.framework */ = {isa = PBXFileReference; explicitFileType = wrapper.framework; includeInIndex = 0; path = Pods_RxSwiftTaskList.framework; sourceTree = BUILT_PRODUCTS_DIR; };
		80CE15AD2988CCCF00893A2C /* RxSwiftTaskList.app */ = {isa = PBXFileReference; explicitFileType = wrapper.application; includeInIndex = 0; path = RxSwiftTaskList.app; sourceTree = BUILT_PRODUCTS_DIR; };
		80CE15B02988CCCF00893A2C /* AppDelegate.swift */ = {isa = PBXFileReference; lastKnownFileType = sourcecode.swift; path = AppDelegate.swift; sourceTree = "<group>"; };
		80CE15B22988CCCF00893A2C /* SceneDelegate.swift */ = {isa = PBXFileReference; lastKnownFileType = sourcecode.swift; path = SceneDelegate.swift; sourceTree = "<group>"; };
		80CE15B72988CCCF00893A2C /* Base */ = {isa = PBXFileReference; lastKnownFileType = file.storyboard; name = Base; path = Base.lproj/Main.storyboard; sourceTree = "<group>"; };
		80CE15B92988CCD100893A2C /* Assets.xcassets */ = {isa = PBXFileReference; lastKnownFileType = folder.assetcatalog; path = Assets.xcassets; sourceTree = "<group>"; };
		80CE15BC2988CCD100893A2C /* Base */ = {isa = PBXFileReference; lastKnownFileType = file.storyboard; name = Base; path = Base.lproj/LaunchScreen.storyboard; sourceTree = "<group>"; };
		80CE15BE2988CCD100893A2C /* Info.plist */ = {isa = PBXFileReference; lastKnownFileType = text.plist.xml; path = Info.plist; sourceTree = "<group>"; };
		80CE15C52988CDE600893A2C /* TaskListViewController.swift */ = {isa = PBXFileReference; lastKnownFileType = sourcecode.swift; path = TaskListViewController.swift; sourceTree = "<group>"; };
		80CE15C72988D2AB00893A2C /* AddTaskViewController.swift */ = {isa = PBXFileReference; lastKnownFileType = sourcecode.swift; path = AddTaskViewController.swift; sourceTree = "<group>"; };
		80CE15CA2988D51700893A2C /* Task.swift */ = {isa = PBXFileReference; lastKnownFileType = sourcecode.swift; path = Task.swift; sourceTree = "<group>"; };
		D87967D5D68D060AF930FF1C /* Pods-RxSwiftTaskList.release.xcconfig */ = {isa = PBXFileReference; includeInIndex = 1; lastKnownFileType = text.xcconfig; name = "Pods-RxSwiftTaskList.release.xcconfig"; path = "Target Support Files/Pods-RxSwiftTaskList/Pods-RxSwiftTaskList.release.xcconfig"; sourceTree = "<group>"; };
		FE6B45B34730E5824BD2E083 /* Pods-RxSwiftTaskList.debug.xcconfig */ = {isa = PBXFileReference; includeInIndex = 1; lastKnownFileType = text.xcconfig; name = "Pods-RxSwiftTaskList.debug.xcconfig"; path = "Target Support Files/Pods-RxSwiftTaskList/Pods-RxSwiftTaskList.debug.xcconfig"; sourceTree = "<group>"; };
/* End PBXFileReference section */

/* Begin PBXFrameworksBuildPhase section */
		80CE15AA2988CCCF00893A2C /* Frameworks */ = {
			isa = PBXFrameworksBuildPhase;
			buildActionMask = 2147483647;
			files = (
				3712189B27093AB317B27251 /* Pods_RxSwiftTaskList.framework in Frameworks */,
			);
			runOnlyForDeploymentPostprocessing = 0;
		};
/* End PBXFrameworksBuildPhase section */

/* Begin PBXGroup section */
		392EC42AC3AF87CC1A5F3D36 /* Pods */ = {
			isa = PBXGroup;
			children = (
				FE6B45B34730E5824BD2E083 /* Pods-RxSwiftTaskList.debug.xcconfig */,
				D87967D5D68D060AF930FF1C /* Pods-RxSwiftTaskList.release.xcconfig */,
			);
			name = Pods;
			path = Pods;
			sourceTree = "<group>";
		};
		7EF5203A3E8E5850F259FDE4 /* Frameworks */ = {
			isa = PBXGroup;
			children = (
				3D8512E46A7129CE67BB1FAC /* Pods_RxSwiftTaskList.framework */,
			);
			name = Frameworks;
			sourceTree = "<group>";
		};
		80CE15A42988CCCF00893A2C = {
			isa = PBXGroup;
			children = (
				80CE15AF2988CCCF00893A2C /* RxSwiftTaskList */,
				80CE15AE2988CCCF00893A2C /* Products */,
				392EC42AC3AF87CC1A5F3D36 /* Pods */,
				7EF5203A3E8E5850F259FDE4 /* Frameworks */,
			);
			sourceTree = "<group>";
		};
		80CE15AE2988CCCF00893A2C /* Products */ = {
			isa = PBXGroup;
			children = (
				80CE15AD2988CCCF00893A2C /* RxSwiftTaskList.app */,
			);
			name = Products;
			sourceTree = "<group>";
		};
		80CE15AF2988CCCF00893A2C /* RxSwiftTaskList */ = {
			isa = PBXGroup;
			children = (
				80CE15C92988D50800893A2C /* Models */,
				80CE15C42988CDD500893A2C /* Controllers */,
				80CE15B02988CCCF00893A2C /* AppDelegate.swift */,
				80CE15B22988CCCF00893A2C /* SceneDelegate.swift */,
				80CE15B62988CCCF00893A2C /* Main.storyboard */,
				80CE15B92988CCD100893A2C /* Assets.xcassets */,
				80CE15BB2988CCD100893A2C /* LaunchScreen.storyboard */,
				80CE15BE2988CCD100893A2C /* Info.plist */,
			);
			path = RxSwiftTaskList;
			sourceTree = "<group>";
		};
		80CE15C42988CDD500893A2C /* Controllers */ = {
			isa = PBXGroup;
			children = (
				80CE15C52988CDE600893A2C /* TaskListViewController.swift */,
				80CE15C72988D2AB00893A2C /* AddTaskViewController.swift */,
			);
			path = Controllers;
			sourceTree = "<group>";
		};
		80CE15C92988D50800893A2C /* Models */ = {
			isa = PBXGroup;
			children = (
				80CE15CA2988D51700893A2C /* Task.swift */,
			);
			path = Models;
			sourceTree = "<group>";
		};
/* End PBXGroup section */

/* Begin PBXNativeTarget section */
		80CE15AC2988CCCF00893A2C /* RxSwiftTaskList */ = {
			isa = PBXNativeTarget;
			buildConfigurationList = 80CE15C12988CCD100893A2C /* Build configuration list for PBXNativeTarget "RxSwiftTaskList" */;
			buildPhases = (
				D710242B5D516007C288BDC6 /* [CP] Check Pods Manifest.lock */,
				80CE15A92988CCCF00893A2C /* Sources */,
				80CE15AA2988CCCF00893A2C /* Frameworks */,
				80CE15AB2988CCCF00893A2C /* Resources */,
				7686DCF4EB873EB767E3C025 /* [CP] Embed Pods Frameworks */,
			);
			buildRules = (
			);
			dependencies = (
			);
			name = RxSwiftTaskList;
			productName = RxSwiftTaskList;
			productReference = 80CE15AD2988CCCF00893A2C /* RxSwiftTaskList.app */;
			productType = "com.apple.product-type.application";
		};
/* End PBXNativeTarget section */

/* Begin PBXProject section */
		80CE15A52988CCCF00893A2C /* Project object */ = {
			isa = PBXProject;
			attributes = {
				BuildIndependentTargetsInParallel = 1;
				LastSwiftUpdateCheck = 1410;
				LastUpgradeCheck = 1410;
				TargetAttributes = {
					80CE15AC2988CCCF00893A2C = {
						CreatedOnToolsVersion = 14.1;
					};
				};
			};
			buildConfigurationList = 80CE15A82988CCCF00893A2C /* Build configuration list for PBXProject "RxSwiftTaskList" */;
			compatibilityVersion = "Xcode 14.0";
			developmentRegion = en;
			hasScannedForEncodings = 0;
			knownRegions = (
				en,
				Base,
			);
			mainGroup = 80CE15A42988CCCF00893A2C;
			productRefGroup = 80CE15AE2988CCCF00893A2C /* Products */;
			projectDirPath = "";
			projectRoot = "";
			targets = (
				80CE15AC2988CCCF00893A2C /* RxSwiftTaskList */,
			);
		};
/* End PBXProject section */

/* Begin PBXResourcesBuildPhase section */
		80CE15AB2988CCCF00893A2C /* Resources */ = {
			isa = PBXResourcesBuildPhase;
			buildActionMask = 2147483647;
			files = (
				80CE15BD2988CCD100893A2C /* LaunchScreen.storyboard in Resources */,
				80CE15BA2988CCD100893A2C /* Assets.xcassets in Resources */,
				80CE15B82988CCCF00893A2C /* Main.storyboard in Resources */,
			);
			runOnlyForDeploymentPostprocessing = 0;
		};
/* End PBXResourcesBuildPhase section */

/* Begin PBXShellScriptBuildPhase section */
		7686DCF4EB873EB767E3C025 /* [CP] Embed Pods Frameworks */ = {
			isa = PBXShellScriptBuildPhase;
			buildActionMask = 2147483647;
			files = (
			);
			inputFileListPaths = (
				"${PODS_ROOT}/Target Support Files/Pods-RxSwiftTaskList/Pods-RxSwiftTaskList-frameworks-${CONFIGURATION}-input-files.xcfilelist",
			);
			name = "[CP] Embed Pods Frameworks";
			outputFileListPaths = (
				"${PODS_ROOT}/Target Support Files/Pods-RxSwiftTaskList/Pods-RxSwiftTaskList-frameworks-${CONFIGURATION}-output-files.xcfilelist",
			);
			runOnlyForDeploymentPostprocessing = 0;
			shellPath = /bin/sh;
			shellScript = "\"${PODS_ROOT}/Target Support Files/Pods-RxSwiftTaskList/Pods-RxSwiftTaskList-frameworks.sh\"\n";
			showEnvVarsInLog = 0;
		};
		D710242B5D516007C288BDC6 /* [CP] Check Pods Manifest.lock */ = {
			isa = PBXShellScriptBuildPhase;
			buildActionMask = 2147483647;
			files = (
			);
			inputFileListPaths = (
			);
			inputPaths = (
				"${PODS_PODFILE_DIR_PATH}/Podfile.lock",
				"${PODS_ROOT}/Manifest.lock",
			);
			name = "[CP] Check Pods Manifest.lock";
			outputFileListPaths = (
			);
			outputPaths = (
				"$(DERIVED_FILE_DIR)/Pods-RxSwiftTaskList-checkManifestLockResult.txt",
			);
			runOnlyForDeploymentPostprocessing = 0;
			shellPath = /bin/sh;
			shellScript = "diff \"${PODS_PODFILE_DIR_PATH}/Podfile.lock\" \"${PODS_ROOT}/Manifest.lock\" > /dev/null\nif [ $? != 0 ] ; then\n    # print error to STDERR\n    echo \"error: The sandbox is not in sync with the Podfile.lock. Run 'pod install' or update your CocoaPods installation.\" >&2\n    exit 1\nfi\n# This output is used by Xcode 'outputs' to avoid re-running this script phase.\necho \"SUCCESS\" > \"${SCRIPT_OUTPUT_FILE_0}\"\n";
			showEnvVarsInLog = 0;
		};
/* End PBXShellScriptBuildPhase section */

/* Begin PBXSourcesBuildPhase section */
		80CE15A92988CCCF00893A2C /* Sources */ = {
			isa = PBXSourcesBuildPhase;
			buildActionMask = 2147483647;
			files = (
				80CE15C62988CDE600893A2C /* TaskListViewController.swift in Sources */,
				80CE15C82988D2AB00893A2C /* AddTaskViewController.swift in Sources */,
				80CE15CB2988D51700893A2C /* Task.swift in Sources */,
				80CE15B12988CCCF00893A2C /* AppDelegate.swift in Sources */,
				80CE15B32988CCCF00893A2C /* SceneDelegate.swift in Sources */,
			);
			runOnlyForDeploymentPostprocessing = 0;
		};
/* End PBXSourcesBuildPhase section */

/* Begin PBXVariantGroup section */
		80CE15B62988CCCF00893A2C /* Main.storyboard */ = {
			isa = PBXVariantGroup;
			children = (
				80CE15B72988CCCF00893A2C /* Base */,
			);
			name = Main.storyboard;
			sourceTree = "<group>";
		};
		80CE15BB2988CCD100893A2C /* LaunchScreen.storyboard */ = {
			isa = PBXVariantGroup;
			children = (
				80CE15BC2988CCD100893A2C /* Base */,
			);
			name = LaunchScreen.storyboard;
			sourceTree = "<group>";
		};
/* End PBXVariantGroup section */

/* Begin XCBuildConfiguration section */
		80CE15BF2988CCD100893A2C /* Debug */ = {
			isa = XCBuildConfiguration;
			buildSettings = {
				ALWAYS_SEARCH_USER_PATHS = NO;
				CLANG_ANALYZER_NONNULL = YES;
				CLANG_ANALYZER_NUMBER_OBJECT_CONVERSION = YES_AGGRESSIVE;
				CLANG_CXX_LANGUAGE_STANDARD = "gnu++20";
				CLANG_ENABLE_MODULES = YES;
				CLANG_ENABLE_OBJC_ARC = YES;
				CLANG_ENABLE_OBJC_WEAK = YES;
				CLANG_WARN_BLOCK_CAPTURE_AUTORELEASING = YES;
				CLANG_WARN_BOOL_CONVERSION = YES;
				CLANG_WARN_COMMA = YES;
				CLANG_WARN_CONSTANT_CONVERSION = YES;
				CLANG_WARN_DEPRECATED_OBJC_IMPLEMENTATIONS = YES;
				CLANG_WARN_DIRECT_OBJC_ISA_USAGE = YES_ERROR;
				CLANG_WARN_DOCUMENTATION_COMMENTS = YES;
				CLANG_WARN_EMPTY_BODY = YES;
				CLANG_WARN_ENUM_CONVERSION = YES;
				CLANG_WARN_INFINITE_RECURSION = YES;
				CLANG_WARN_INT_CONVERSION = YES;
				CLANG_WARN_NON_LITERAL_NULL_CONVERSION = YES;
				CLANG_WARN_OBJC_IMPLICIT_RETAIN_SELF = YES;
				CLANG_WARN_OBJC_LITERAL_CONVERSION = YES;
				CLANG_WARN_OBJC_ROOT_CLASS = YES_ERROR;
				CLANG_WARN_QUOTED_INCLUDE_IN_FRAMEWORK_HEADER = YES;
				CLANG_WARN_RANGE_LOOP_ANALYSIS = YES;
				CLANG_WARN_STRICT_PROTOTYPES = YES;
				CLANG_WARN_SUSPICIOUS_MOVE = YES;
				CLANG_WARN_UNGUARDED_AVAILABILITY = YES_AGGRESSIVE;
				CLANG_WARN_UNREACHABLE_CODE = YES;
				CLANG_WARN__DUPLICATE_METHOD_MATCH = YES;
				COPY_PHASE_STRIP = NO;
				DEBUG_INFORMATION_FORMAT = dwarf;
				ENABLE_STRICT_OBJC_MSGSEND = YES;
				ENABLE_TESTABILITY = YES;
				GCC_C_LANGUAGE_STANDARD = gnu11;
				GCC_DYNAMIC_NO_PIC = NO;
				GCC_NO_COMMON_BLOCKS = YES;
				GCC_OPTIMIZATION_LEVEL = 0;
				GCC_PREPROCESSOR_DEFINITIONS = (
					"DEBUG=1",
					"$(inherited)",
				);
				GCC_WARN_64_TO_32_BIT_CONVERSION = YES;
				GCC_WARN_ABOUT_RETURN_TYPE = YES_ERROR;
				GCC_WARN_UNDECLARED_SELECTOR = YES;
				GCC_WARN_UNINITIALIZED_AUTOS = YES_AGGRESSIVE;
				GCC_WARN_UNUSED_FUNCTION = YES;
				GCC_WARN_UNUSED_VARIABLE = YES;
				IPHONEOS_DEPLOYMENT_TARGET = 16.1;
				MTL_ENABLE_DEBUG_INFO = INCLUDE_SOURCE;
				MTL_FAST_MATH = YES;
				ONLY_ACTIVE_ARCH = YES;
				SDKROOT = iphoneos;
				SWIFT_ACTIVE_COMPILATION_CONDITIONS = DEBUG;
				SWIFT_OPTIMIZATION_LEVEL = "-Onone";
			};
			name = Debug;
		};
		80CE15C02988CCD100893A2C /* Release */ = {
			isa = XCBuildConfiguration;
			buildSettings = {
				ALWAYS_SEARCH_USER_PATHS = NO;
				CLANG_ANALYZER_NONNULL = YES;
				CLANG_ANALYZER_NUMBER_OBJECT_CONVERSION = YES_AGGRESSIVE;
				CLANG_CXX_LANGUAGE_STANDARD = "gnu++20";
				CLANG_ENABLE_MODULES = YES;
				CLANG_ENABLE_OBJC_ARC = YES;
				CLANG_ENABLE_OBJC_WEAK = YES;
				CLANG_WARN_BLOCK_CAPTURE_AUTORELEASING = YES;
				CLANG_WARN_BOOL_CONVERSION = YES;
				CLANG_WARN_COMMA = YES;
				CLANG_WARN_CONSTANT_CONVERSION = YES;
				CLANG_WARN_DEPRECATED_OBJC_IMPLEMENTATIONS = YES;
				CLANG_WARN_DIRECT_OBJC_ISA_USAGE = YES_ERROR;
				CLANG_WARN_DOCUMENTATION_COMMENTS = YES;
				CLANG_WARN_EMPTY_BODY = YES;
				CLANG_WARN_ENUM_CONVERSION = YES;
				CLANG_WARN_INFINITE_RECURSION = YES;
				CLANG_WARN_INT_CONVERSION = YES;
				CLANG_WARN_NON_LITERAL_NULL_CONVERSION = YES;
				CLANG_WARN_OBJC_IMPLICIT_RETAIN_SELF = YES;
				CLANG_WARN_OBJC_LITERAL_CONVERSION = YES;
				CLANG_WARN_OBJC_ROOT_CLASS = YES_ERROR;
				CLANG_WARN_QUOTED_INCLUDE_IN_FRAMEWORK_HEADER = YES;
				CLANG_WARN_RANGE_LOOP_ANALYSIS = YES;
				CLANG_WARN_STRICT_PROTOTYPES = YES;
				CLANG_WARN_SUSPICIOUS_MOVE = YES;
				CLANG_WARN_UNGUARDED_AVAILABILITY = YES_AGGRESSIVE;
				CLANG_WARN_UNREACHABLE_CODE = YES;
				CLANG_WARN__DUPLICATE_METHOD_MATCH = YES;
				COPY_PHASE_STRIP = NO;
				DEBUG_INFORMATION_FORMAT = "dwarf-with-dsym";
				ENABLE_NS_ASSERTIONS = NO;
				ENABLE_STRICT_OBJC_MSGSEND = YES;
				GCC_C_LANGUAGE_STANDARD = gnu11;
				GCC_NO_COMMON_BLOCKS = YES;
				GCC_WARN_64_TO_32_BIT_CONVERSION = YES;
				GCC_WARN_ABOUT_RETURN_TYPE = YES_ERROR;
				GCC_WARN_UNDECLARED_SELECTOR = YES;
				GCC_WARN_UNINITIALIZED_AUTOS = YES_AGGRESSIVE;
				GCC_WARN_UNUSED_FUNCTION = YES;
				GCC_WARN_UNUSED_VARIABLE = YES;
				IPHONEOS_DEPLOYMENT_TARGET = 16.1;
				MTL_ENABLE_DEBUG_INFO = NO;
				MTL_FAST_MATH = YES;
				SDKROOT = iphoneos;
				SWIFT_COMPILATION_MODE = wholemodule;
				SWIFT_OPTIMIZATION_LEVEL = "-O";
				VALIDATE_PRODUCT = YES;
			};
			name = Release;
		};
		80CE15C22988CCD100893A2C /* Debug */ = {
			isa = XCBuildConfiguration;
			baseConfigurationReference = FE6B45B34730E5824BD2E083 /* Pods-RxSwiftTaskList.debug.xcconfig */;
			buildSettings = {
				ASSETCATALOG_COMPILER_APPICON_NAME = AppIcon;
				ASSETCATALOG_COMPILER_GLOBAL_ACCENT_COLOR_NAME = AccentColor;
				CODE_SIGN_STYLE = Automatic;
				CURRENT_PROJECT_VERSION = 1;
				DEVELOPMENT_TEAM = F5D2979ZRD;
				GENERATE_INFOPLIST_FILE = YES;
				INFOPLIST_FILE = RxSwiftTaskList/Info.plist;
				INFOPLIST_KEY_UIApplicationSupportsIndirectInputEvents = YES;
				INFOPLIST_KEY_UILaunchStoryboardName = LaunchScreen;
				INFOPLIST_KEY_UIMainStoryboardFile = Main;
				INFOPLIST_KEY_UISupportedInterfaceOrientations_iPad = "UIInterfaceOrientationPortrait UIInterfaceOrientationPortraitUpsideDown UIInterfaceOrientationLandscapeLeft UIInterfaceOrientationLandscapeRight";
				INFOPLIST_KEY_UISupportedInterfaceOrientations_iPhone = "UIInterfaceOrientationPortrait UIInterfaceOrientationLandscapeLeft UIInterfaceOrientationLandscapeRight";
				LD_RUNPATH_SEARCH_PATHS = (
					"$(inherited)",
					"@executable_path/Frameworks",
				);
				MARKETING_VERSION = 1.0;
				PRODUCT_BUNDLE_IDENTIFIER = academy.credo.RxSwiftTaskList;
				PRODUCT_NAME = "$(TARGET_NAME)";
				SWIFT_EMIT_LOC_STRINGS = YES;
				SWIFT_VERSION = 5.0;
				TARGETED_DEVICE_FAMILY = "1,2";
			};
			name = Debug;
		};
		80CE15C32988CCD100893A2C /* Release */ = {
			isa = XCBuildConfiguration;
			baseConfigurationReference = D87967D5D68D060AF930FF1C /* Pods-RxSwiftTaskList.release.xcconfig */;
			buildSettings = {
				ASSETCATALOG_COMPILER_APPICON_NAME = AppIcon;
				ASSETCATALOG_COMPILER_GLOBAL_ACCENT_COLOR_NAME = AccentColor;
				CODE_SIGN_STYLE = Automatic;
				CURRENT_PROJECT_VERSION = 1;
				DEVELOPMENT_TEAM = F5D2979ZRD;
				GENERATE_INFOPLIST_FILE = YES;
				INFOPLIST_FILE = RxSwiftTaskList/Info.plist;
				INFOPLIST_KEY_UIApplicationSupportsIndirectInputEvents = YES;
				INFOPLIST_KEY_UILaunchStoryboardName = LaunchScreen;
				INFOPLIST_KEY_UIMainStoryboardFile = Main;
				INFOPLIST_KEY_UISupportedInterfaceOrientations_iPad = "UIInterfaceOrientationPortrait UIInterfaceOrientationPortraitUpsideDown UIInterfaceOrientationLandscapeLeft UIInterfaceOrientationLandscapeRight";
				INFOPLIST_KEY_UISupportedInterfaceOrientations_iPhone = "UIInterfaceOrientationPortrait UIInterfaceOrientationLandscapeLeft UIInterfaceOrientationLandscapeRight";
				LD_RUNPATH_SEARCH_PATHS = (
					"$(inherited)",
					"@executable_path/Frameworks",
				);
				MARKETING_VERSION = 1.0;
				PRODUCT_BUNDLE_IDENTIFIER = academy.credo.RxSwiftTaskList;
				PRODUCT_NAME = "$(TARGET_NAME)";
				SWIFT_EMIT_LOC_STRINGS = YES;
				SWIFT_VERSION = 5.0;
				TARGETED_DEVICE_FAMILY = "1,2";
			};
			name = Release;
		};
/* End XCBuildConfiguration section */

/* Begin XCConfigurationList section */
		80CE15A82988CCCF00893A2C /* Build configuration list for PBXProject "RxSwiftTaskList" */ = {
			isa = XCConfigurationList;
			buildConfigurations = (
				80CE15BF2988CCD100893A2C /* Debug */,
				80CE15C02988CCD100893A2C /* Release */,
			);
			defaultConfigurationIsVisible = 0;
			defaultConfigurationName = Release;
		};
		80CE15C12988CCD100893A2C /* Build configuration list for PBXNativeTarget "RxSwiftTaskList" */ = {
			isa = XCConfigurationList;
			buildConfigurations = (
				80CE15C22988CCD100893A2C /* Debug */,
				80CE15C32988CCD100893A2C /* Release */,
			);
			defaultConfigurationIsVisible = 0;
			defaultConfigurationName = Release;
		};
/* End XCConfigurationList section */
	};
	rootObject = 80CE15A52988CCCF00893A2C /* Project object */;
}
